lockfileVersion: '9.0'

settings:
  autoInstallPeers: true
  excludeLinksFromLockfile: false

importers:

  .:
    devDependencies:
      '@eslint/js':
        specifier: ^9.34.0
        version: 9.34.0

packages:

  '@eslint/js@9.34.0':
    resolution: {integrity: sha512-EoyvqQnBNsV1CWaEJ559rxXL4c8V92gxirbawSmVUOWXlsRxxQXl6LmCpdUblgxgSkDIqKnhzba2SjRTI/A5Rw==}
    engines: {node: ^18.18.0 || ^20.9.0 || >=21.1.0}

snapshots:

  '@eslint/js@9.34.0': {}
